
Microsoft Visual Studio Solution File, Format Version 12.00
# Visual Studio 2013
VisualStudioVersion = 12.0.31101.0
MinimumVisualStudioVersion = 10.0.40219.1
Project("{FAE04EC0-301F-11D3-BF4B-00C04F79EFBC}") = "SolutionCop.Core", "SolutionCop.Core\SolutionCop.Core.csproj", "{4616C916-E1E3-44A4-93E7-D8DA725D215F}"
EndProject
Project("{FAE04EC0-301F-11D3-BF4B-00C04F79EFBC}") = "SolutionCop.DefaultRules", "SolutionCop.DefaultRules\SolutionCop.DefaultRules.csproj", "{C6F12FF1-BA7C-414F-A957-4483AC05895D}"
EndProject
Project("{FAE04EC0-301F-11D3-BF4B-00C04F79EFBC}") = "SolutionCop.DefaultRules.Tests", "SolutionCop.DefaultRules.Tests\SolutionCop.DefaultRules.Tests.csproj", "{9FF47EB2-3FCC-47C2-A1CD-E82F7790B79B}"
EndProject
Project("{FAE04EC0-301F-11D3-BF4B-00C04F79EFBC}") = "SolutionCop.Core.Tests", "SolutionCop.Core.Tests\SolutionCop.Core.Tests.csproj", "{4AB08F23-04F0-45F6-B9C7-4F0099AA8BB4}"
EndProject
Project("{FAE04EC0-301F-11D3-BF4B-00C04F79EFBC}") = "SolutionCop.CommandLine", "SolutionCop.CommandLine\SolutionCop.CommandLine.csproj", "{757840C4-6FBA-4BD1-9F52-7335AE90FFAE}"
EndProject
Global
	GlobalSection(SolutionConfigurationPlatforms) = preSolution
		Debug|Any CPU = Debug|Any CPU
		Release|Any CPU = Release|Any CPU
	EndGlobalSection
	GlobalSection(ProjectConfigurationPlatforms) = postSolution
		{4616C916-E1E3-44A4-93E7-D8DA725D215F}.Debug|Any CPU.ActiveCfg = Debug|Any CPU
		{4616C916-E1E3-44A4-93E7-D8DA725D215F}.Debug|Any CPU.Build.0 = Debug|Any CPU
		{4616C916-E1E3-44A4-93E7-D8DA725D215F}.Release|Any CPU.ActiveCfg = Release|Any CPU
		{4616C916-E1E3-44A4-93E7-D8DA725D215F}.Release|Any CPU.Build.0 = Release|Any CPU
		{C6F12FF1-BA7C-414F-A957-4483AC05895D}.Debug|Any CPU.ActiveCfg = Debug|Any CPU
		{C6F12FF1-BA7C-414F-A957-4483AC05895D}.Debug|Any CPU.Build.0 = Debug|Any CPU
		{C6F12FF1-BA7C-414F-A957-4483AC05895D}.Release|Any CPU.ActiveCfg = Release|Any CPU
		{C6F12FF1-BA7C-414F-A957-4483AC05895D}.Release|Any CPU.Build.0 = Release|Any CPU
		{9FF47EB2-3FCC-47C2-A1CD-E82F7790B79B}.Debug|Any CPU.ActiveCfg = Debug|Any CPU
		{9FF47EB2-3FCC-47C2-A1CD-E82F7790B79B}.Debug|Any CPU.Build.0 = Debug|Any CPU
		{9FF47EB2-3FCC-47C2-A1CD-E82F7790B79B}.Release|Any CPU.ActiveCfg = Release|Any CPU
		{9FF47EB2-3FCC-47C2-A1CD-E82F7790B79B}.Release|Any CPU.Build.0 = Release|Any CPU
		{4AB08F23-04F0-45F6-B9C7-4F0099AA8BB4}.Debug|Any CPU.ActiveCfg = Debug|Any CPU
		{4AB08F23-04F0-45F6-B9C7-4F0099AA8BB4}.Debug|Any CPU.Build.0 = Debug|Any CPU
		{4AB08F23-04F0-45F6-B9C7-4F0099AA8BB4}.Release|Any CPU.ActiveCfg = Release|Any CPU
		{4AB08F23-04F0-45F6-B9C7-4F0099AA8BB4}.Release|Any CPU.Build.0 = Release|Any CPU
		{757840C4-6FBA-4BD1-9F52-7335AE90FFAE}.Debug|Any CPU.ActiveCfg = Debug|Any CPU
		{757840C4-6FBA-4BD1-9F52-7335AE90FFAE}.Debug|Any CPU.Build.0 = Debug|Any CPU
		{757840C4-6FBA-4BD1-9F52-7335AE90FFAE}.Release|Any CPU.ActiveCfg = Release|Any CPU
		{757840C4-6FBA-4BD1-9F52-7335AE90FFAE}.Release|Any CPU.Build.0 = Release|Any CPU
	EndGlobalSection
	GlobalSection(SolutionProperties) = preSolution
		HideSolutionNode = FALSE
	EndGlobalSection
EndGlobal
